# This file is @generated by PDM.
# It is not intended for manual editing.

[metadata]
groups = ["default"]
strategy = ["inherit_metadata"]
lock_version = "4.5.0"
content_hash = "sha256:fe2fa62c41f94793fe954d432011afc9bff6bcb3e02fca4d15d82273697c391d"

[[metadata.targets]]
requires_python = ">=3.12"

[[package]]
name = "colorama"
version = "0.4.6"
requires_python = "!=3.0.*,!=3.1.*,!=3.2.*,!=3.3.*,!=3.4.*,!=3.5.*,!=3.6.*,>=2.7"
summary = "Cross-platform colored terminal text."
groups = ["default"]
marker = "platform_system == \"Windows\""
files = [
    {file = "colorama-0.4.6-py2.py3-none-any.whl", hash = "sha256:4f1d9991f5acc0ca119f9d443620b77f9d6b33703e51011c16baf57afb285fc6"},
    {file = "colorama-0.4.6.tar.gz", hash = "sha256:08695f5cb7ed6e0531a20572697297273c47b8cae5a63ffc6d6ed5c201be6e44"},
]

[[package]]
name = "confluent-kafka"
version = "2.10.0"
requires_python = ">=3.7"
summary = "Confluent's Python client for Apache Kafka"
groups = ["default"]
files = [
    {file = "confluent_kafka-2.10.0-cp312-cp312-macosx_10_9_x86_64.whl", hash = "sha256:2268a607d374325e3a8fc779d8639de4344ce4d1ad2b88e8f9d13d97baae4e71"},
    {file = "confluent_kafka-2.10.0-cp312-cp312-macosx_11_0_arm64.whl", hash = "sha256:a89e9ba5c8e18891b3bbf333001a9e12af43bd5bc3c3353065109582f3f078fc"},
    {file = "confluent_kafka-2.10.0-cp312-cp312-manylinux_2_28_aarch64.whl", hash = "sha256:7252fee8d7287bae71f1a506967b3782e67ba5b699c4d095d16fabce92a63cfd"},
    {file = "confluent_kafka-2.10.0-cp312-cp312-manylinux_2_28_x86_64.whl", hash = "sha256:ddb9400786eedd8a6c0cbcceaddb8329a2597f4c02dc72389e83859da47d22d6"},
    {file = "confluent_kafka-2.10.0-cp312-cp312-win_amd64.whl", hash = "sha256:ef5aad8c04c54fe6ef89dc08a4ba24a80be90b05bbbc3348370c1c51222e0a5e"},
    {file = "confluent_kafka-2.10.0-cp313-cp313-macosx_13_0_arm64.whl", hash = "sha256:10230c3da4cd047cf488cef405f6e209da4e8403c0e52e45b89b1d878420082b"},
    {file = "confluent_kafka-2.10.0-cp313-cp313-macosx_13_0_x86_64.whl", hash = "sha256:514c4a4dcb522aacdc17fa3e2751ae8670553850c9e22844ac997ec6459b3a48"},
    {file = "confluent_kafka-2.10.0-cp313-cp313-manylinux_2_28_aarch64.whl", hash = "sha256:bf706b1ebb540276791b5c42ac624c93195c34782848b24b2da1467caeef479b"},
    {file = "confluent_kafka-2.10.0-cp313-cp313-manylinux_2_28_x86_64.whl", hash = "sha256:6b8b057d436d82c1b2d819915d03e2b446bfa55403acd440f9222509ba2147de"},
    {file = "confluent_kafka-2.10.0-cp313-cp313-win_amd64.whl", hash = "sha256:649ccde18b4f2ff509a16093a06ca13629e4f4b3146d4ef5a82805c869cf8cbd"},
    {file = "confluent_kafka-2.10.0.tar.gz", hash = "sha256:30a346908f3ad49c4bc1cb5557e7a8ce484190f8633aa18f9b87b2620809ac13"},
]

[[package]]
name = "kafka-python"
version = "2.1.5"
summary = "Pure Python client for Apache Kafka"
groups = ["default"]
files = [
    {file = "kafka_python-2.1.5-py2.py3-none-any.whl", hash = "sha256:205953e581c0371cada35bebdacc58ac7dee6c3f9e8d95b9a6a0a7bacc054ca0"},
    {file = "kafka_python-2.1.5.tar.gz", hash = "sha256:6765c25440046cdadeb9c31469566be259d50802d27d4f8aae86d9ae755b78e2"},
]

[[package]]
name = "tqdm"
version = "4.67.1"
requires_python = ">=3.7"
summary = "Fast, Extensible Progress Meter"
groups = ["default"]
dependencies = [
    "colorama; platform_system == \"Windows\"",
]
files = [
    {file = "tqdm-4.67.1-py3-none-any.whl", hash = "sha256:26445eca388f82e72884e0d580d5464cd801a3ea01e63e5601bdff9ba6a48de2"},
    {file = "tqdm-4.67.1.tar.gz", hash = "sha256:f8aef9c52c08c13a65f30ea34f4e5aac3fd1a34959879d7e59e63027286627f2"},
]
